
Microsoft Visual Studio Solution File, Format Version 12.00
# Visual Studio Version 17
VisualStudioVersion = 17.8.34408.163
MinimumVisualStudioVersion = 10.0.40219.1
Project("{FAE04EC0-301F-11D3-BF4B-00C04F79EFBC}") = "FarmaciaIntegral", "FarmaciaIntegral\FarmaciaIntegral.csproj", "{DBAEF39E-26E2-48AE-B27A-66C4AFFBD7C7}"
EndProject
Global
	GlobalSection(SolutionConfigurationPlatforms) = preSolution
		Debug|Any CPU = Debug|Any CPU
		Release|Any CPU = Release|Any CPU
	EndGlobalSection
	GlobalSection(ProjectConfigurationPlatforms) = postSolution
		{DBAEF39E-26E2-48AE-B27A-66C4AFFBD7C7}.Debug|Any CPU.ActiveCfg = Debug|Any CPU
		{DBAEF39E-26E2-48AE-B27A-66C4AFFBD7C7}.Debug|Any CPU.Build.0 = Debug|Any CPU
		{DBAEF39E-26E2-48AE-B27A-66C4AFFBD7C7}.Release|Any CPU.ActiveCfg = Release|Any CPU
		{DBAEF39E-26E2-48AE-B27A-66C4AFFBD7C7}.Release|Any CPU.Build.0 = Release|Any CPU
	EndGlobalSection
	GlobalSection(SolutionProperties) = preSolution
		HideSolutionNode = FALSE
	EndGlobalSection
	GlobalSection(ExtensibilityGlobals) = postSolution
		SolutionGuid = {03460188-8261-40E6-BC39-D0E2D151E08A}
	EndGlobalSection
EndGlobal
